
Microsoft Visual Studio Solution File, Format Version 12.00
# Visual Studio Version 17
VisualStudioVersion = 17.10.34916.146
MinimumVisualStudioVersion = 10.0.40219.1
Project("{FAE04EC0-301F-11D3-BF4B-00C04F79EFBC}") = "Calculator 2.0", "Calculator 2.0\Calculator 2.0.csproj", "{B31EF622-9B6B-4780-9E29-C99B6125FECC}"
EndProject
Global
	GlobalSection(SolutionConfigurationPlatforms) = preSolution
		Debug|Any CPU = Debug|Any CPU
		Release|Any CPU = Release|Any CPU
	EndGlobalSection
	GlobalSection(ProjectConfigurationPlatforms) = postSolution
		{B31EF622-9B6B-4780-9E29-C99B6125FECC}.Debug|Any CPU.ActiveCfg = Debug|Any CPU
		{B31EF622-9B6B-4780-9E29-C99B6125FECC}.Debug|Any CPU.Build.0 = Debug|Any CPU
		{B31EF622-9B6B-4780-9E29-C99B6125FECC}.Release|Any CPU.ActiveCfg = Release|Any CPU
		{B31EF622-9B6B-4780-9E29-C99B6125FECC}.Release|Any CPU.Build.0 = Release|Any CPU
	EndGlobalSection
	GlobalSection(SolutionProperties) = preSolution
		HideSolutionNode = FALSE
	EndGlobalSection
	GlobalSection(ExtensibilityGlobals) = postSolution
		SolutionGuid = {3C85FEDD-49D6-4F4F-B4BC-120C3120C29B}
	EndGlobalSection
EndGlobal
